# THIS IS AN AUTOGENERATED FILE. DO NOT EDIT THIS FILE DIRECTLY.
# yarn lockfile v1


"@apollo/protobufjs@1.2.2":
  "version" "1.2.2"
  dependencies:
    "@protobufjs/aspromise" "^1.1.2"
    "@protobufjs/base64" "^1.1.2"
    "@protobufjs/codegen" "^2.0.4"
    "@protobufjs/eventemitter" "^1.1.0"
    "@protobufjs/fetch" "^1.1.0"
    "@protobufjs/float" "^1.0.2"
    "@protobufjs/inquire" "^1.1.0"
    "@protobufjs/path" "^1.1.2"
    "@protobufjs/pool" "^1.1.0"
    "@protobufjs/utf8" "^1.1.0"
    "@types/long" "^4.0.0"
    "@types/node" "^10.1.0"
    "long" "^4.0.0"

"@apollographql/apollo-tools@^0.5.1":
  "version" "0.5.2"

"@apollographql/graphql-playground-html@1.6.29":
  "version" "1.6.29"
  dependencies:
    "xss" "^1.0.8"

"@graphql-tools/merge@8.2.4":
  "version" "8.2.4"
  dependencies:
    "@graphql-tools/utils" "8.6.3"
    "tslib" "~2.3.0"

"@graphql-tools/mock@^8.1.2":
  "version" "8.6.1"
  dependencies:
    "@graphql-tools/schema" "8.3.3"
    "@graphql-tools/utils" "8.6.3"
    "fast-json-stable-stringify" "^2.1.0"
    "tslib" "~2.3.0"

"@graphql-tools/schema@^8.0.0", "@graphql-tools/schema@8.3.3":
  "version" "8.3.3"
  dependencies:
    "@graphql-tools/merge" "8.2.4"
    "@graphql-tools/utils" "8.6.3"
    "tslib" "~2.3.0"
    "value-or-promise" "1.0.11"

"@graphql-tools/utils@8.6.3":
  "version" "8.6.3"
  dependencies:
    "tslib" "~2.3.0"

"@josephg/resolvable@^1.0.0":
  "version" "1.0.1"

"@mapbox/node-pre-gyp@^1.0.8":
  "version" "1.0.8"
  dependencies:
    "detect-libc" "^1.0.3"
    "https-proxy-agent" "^5.0.0"
    "make-dir" "^3.1.0"
    "node-fetch" "^2.6.5"
    "nopt" "^5.0.0"
    "npmlog" "^5.0.1"
    "rimraf" "^3.0.2"
    "semver" "^7.3.5"
    "tar" "^6.1.11"

"@nodelib/fs.scandir@2.1.5":
  "version" "2.1.5"
  dependencies:
    "@nodelib/fs.stat" "2.0.5"
    "run-parallel" "^1.1.9"

"@nodelib/fs.stat@^2.0.2", "@nodelib/fs.stat@2.0.5":
  "version" "2.0.5"

"@nodelib/fs.walk@^1.2.3":
  "version" "1.2.8"
  dependencies:
    "@nodelib/fs.scandir" "2.1.5"
    "fastq" "^1.6.0"

"@phc/format@^1.0.0":
  "version" "1.0.0"

"@prisma/client@^3.11.0":
  "version" "3.11.0"
  dependencies:
    "@prisma/engines-version" "3.11.0-48.b371888aaf8f51357c7457d836b86d12da91658b"

"@prisma/engines-version@3.11.0-48.b371888aaf8f51357c7457d836b86d12da91658b":
  "version" "3.11.0-48.b371888aaf8f51357c7457d836b86d12da91658b"

"@prisma/engines@3.11.0-48.b371888aaf8f51357c7457d836b86d12da91658b":
  "version" "3.11.0-48.b371888aaf8f51357c7457d836b86d12da91658b"

"@protobufjs/aspromise@^1.1.1", "@protobufjs/aspromise@^1.1.2":
  "version" "1.1.2"

"@protobufjs/base64@^1.1.2":
  "version" "1.1.2"

"@protobufjs/codegen@^2.0.4":
  "version" "2.0.4"

"@protobufjs/eventemitter@^1.1.0":
  "version" "1.1.0"

"@protobufjs/fetch@^1.1.0":
  "version" "1.1.0"
  dependencies:
    "@protobufjs/aspromise" "^1.1.1"
    "@protobufjs/inquire" "^1.1.0"

"@protobufjs/float@^1.0.2":
  "version" "1.0.2"

"@protobufjs/inquire@^1.1.0":
  "version" "1.1.0"

"@protobufjs/path@^1.1.2":
  "version" "1.1.2"

"@protobufjs/pool@^1.1.0":
  "version" "1.1.0"

"@protobufjs/utf8@^1.1.0":
  "version" "1.1.0"

"@sapphire/ts-config@^3.3.2":
  "version" "3.3.2"
  dependencies:
    "tslib" "^2.3.1"
    "typescript" "^4.6.2"

"@swc/core-win32-x64-msvc@1.2.157":
  "version" "1.2.157"

"@swc/core@^1.2.157":
  "version" "1.2.157"
  optionalDependencies:
    "@swc/core-android-arm-eabi" "1.2.157"
    "@swc/core-android-arm64" "1.2.157"
    "@swc/core-darwin-arm64" "1.2.157"
    "@swc/core-darwin-x64" "1.2.157"
    "@swc/core-freebsd-x64" "1.2.157"
    "@swc/core-linux-arm-gnueabihf" "1.2.157"
    "@swc/core-linux-arm64-gnu" "1.2.157"
    "@swc/core-linux-arm64-musl" "1.2.157"
    "@swc/core-linux-x64-gnu" "1.2.157"
    "@swc/core-linux-x64-musl" "1.2.157"
    "@swc/core-win32-arm64-msvc" "1.2.157"
    "@swc/core-win32-ia32-msvc" "1.2.157"
    "@swc/core-win32-x64-msvc" "1.2.157"

"@types/accepts@*", "@types/accepts@^1.3.5":
  "version" "1.3.5"
  dependencies:
    "@types/node" "*"

"@types/body-parser@*", "@types/body-parser@1.19.2":
  "version" "1.19.2"
  dependencies:
    "@types/connect" "*"
    "@types/node" "*"

"@types/connect-redis@^0.0.18":
  "version" "0.0.18"
  dependencies:
    "@types/express" "*"
    "@types/express-session" "*"
    "@types/ioredis" "*"
    "@types/redis" "^2.8.0"

"@types/connect@*":
  "version" "3.4.35"
  dependencies:
    "@types/node" "*"

"@types/content-disposition@*":
  "version" "0.5.4"

"@types/cookies@*":
  "version" "0.7.7"
  dependencies:
    "@types/connect" "*"
    "@types/express" "*"
    "@types/keygrip" "*"
    "@types/node" "*"

"@types/cors@^2.8.12", "@types/cors@2.8.12":
  "version" "2.8.12"

"@types/express-serve-static-core@^4.17.18", "@types/express-serve-static-core@4.17.28":
  "version" "4.17.28"
  dependencies:
    "@types/node" "*"
    "@types/qs" "*"
    "@types/range-parser" "*"

"@types/express-session@*", "@types/express-session@^1.17.4":
  "version" "1.17.4"
  dependencies:
    "@types/express" "*"

"@types/express@*", "@types/express@^4.17.13", "@types/express@4.17.13":
  "version" "4.17.13"
  dependencies:
    "@types/body-parser" "*"
    "@types/express-serve-static-core" "^4.17.18"
    "@types/qs" "*"
    "@types/serve-static" "*"

"@types/fs-capacitor@*":
  "version" "2.0.0"
  dependencies:
    "@types/node" "*"

"@types/glob@^7.1.3":
  "version" "7.2.0"
  dependencies:
    "@types/minimatch" "*"
    "@types/node" "*"

"@types/graphql-upload@^8.0.11":
  "version" "8.0.11"
  dependencies:
    "@types/express" "*"
    "@types/fs-capacitor" "*"
    "@types/koa" "*"
    "graphql" "0.13.1 - 16"

"@types/http-assert@*":
  "version" "1.5.3"

"@types/http-errors@*":
  "version" "1.8.2"

"@types/ioredis@*", "@types/ioredis@^4.28.9":
  "version" "4.28.9"
  dependencies:
    "@types/node" "*"

"@types/keygrip@*":
  "version" "1.0.2"

"@types/koa-compose@*":
  "version" "3.2.5"
  dependencies:
    "@types/koa" "*"

"@types/koa@*":
  "version" "2.13.4"
  dependencies:
    "@types/accepts" "*"
    "@types/content-disposition" "*"
    "@types/cookies" "*"
    "@types/http-assert" "*"
    "@types/http-errors" "*"
    "@types/keygrip" "*"
    "@types/koa-compose" "*"
    "@types/node" "*"

"@types/long@^4.0.0":
  "version" "4.0.1"

"@types/mime@^1":
  "version" "1.3.2"

"@types/minimatch@*":
  "version" "3.0.5"

"@types/node@*", "@types/node@^17.0.21":
  "version" "17.0.21"

"@types/node@^10.1.0":
  "version" "10.17.60"

"@types/qs@*":
  "version" "6.9.7"

"@types/range-parser@*":
  "version" "1.2.4"

"@types/redis@^2.8.0":
  "version" "2.8.32"
  dependencies:
    "@types/node" "*"

"@types/semver@^7.3.3":
  "version" "7.3.9"

"@types/serve-static@*":
  "version" "1.13.10"
  dependencies:
    "@types/mime" "^1"
    "@types/node" "*"

"abbrev@1":
  "version" "1.1.1"

"accepts@^1.3.5", "accepts@~1.3.8":
  "version" "1.3.8"
  dependencies:
    "mime-types" "~2.1.34"
    "negotiator" "0.6.3"

"agent-base@6":
  "version" "6.0.2"
  dependencies:
    "debug" "4"

"ansi-regex@^5.0.1":
  "version" "5.0.1"

"any-promise@^1.0.0":
  "version" "1.3.0"

"anymatch@~3.1.2":
  "version" "3.1.2"
  dependencies:
    "normalize-path" "^3.0.0"
    "picomatch" "^2.0.4"

"apollo-datasource@^3.3.1":
  "version" "3.3.1"
  dependencies:
    "apollo-server-caching" "^3.3.0"
    "apollo-server-env" "^4.2.1"

"apollo-reporting-protobuf@^3.3.0":
  "version" "3.3.0"
  dependencies:
    "@apollo/protobufjs" "1.2.2"

"apollo-server-caching@^3.3.0":
  "version" "3.3.0"
  dependencies:
    "lru-cache" "^6.0.0"

"apollo-server-core@^3.6.4":
  "version" "3.6.4"
  dependencies:
    "@apollographql/apollo-tools" "^0.5.1"
    "@apollographql/graphql-playground-html" "1.6.29"
    "@graphql-tools/mock" "^8.1.2"
    "@graphql-tools/schema" "^8.0.0"
    "@josephg/resolvable" "^1.0.0"
    "apollo-datasource" "^3.3.1"
    "apollo-reporting-protobuf" "^3.3.0"
    "apollo-server-caching" "^3.3.0"
    "apollo-server-env" "^4.2.1"
    "apollo-server-errors" "^3.3.1"
    "apollo-server-plugin-base" "^3.5.1"
    "apollo-server-types" "^3.5.1"
    "async-retry" "^1.2.1"
    "fast-json-stable-stringify" "^2.1.0"
    "graphql-tag" "^2.11.0"
    "lodash.sortby" "^4.7.0"
    "loglevel" "^1.6.8"
    "lru-cache" "^6.0.0"
    "sha.js" "^2.4.11"
    "uuid" "^8.0.0"

"apollo-server-env@^4.2.1":
  "version" "4.2.1"
  dependencies:
    "node-fetch" "^2.6.7"

"apollo-server-errors@^3.3.1":
  "version" "3.3.1"

"apollo-server-express@^3.6.4":
  "version" "3.6.4"
  dependencies:
    "@types/accepts" "^1.3.5"
    "@types/body-parser" "1.19.2"
    "@types/cors" "2.8.12"
    "@types/express" "4.17.13"
    "@types/express-serve-static-core" "4.17.28"
    "accepts" "^1.3.5"
    "apollo-server-core" "^3.6.4"
    "apollo-server-types" "^3.5.1"
    "body-parser" "^1.19.0"
    "cors" "^2.8.5"
    "parseurl" "^1.3.3"

"apollo-server-plugin-base@^3.5.1":
  "version" "3.5.1"
  dependencies:
    "apollo-server-types" "^3.5.1"

"apollo-server-types@^3.5.1":
  "version" "3.5.1"
  dependencies:
    "apollo-reporting-protobuf" "^3.3.0"
    "apollo-server-caching" "^3.3.0"
    "apollo-server-env" "^4.2.1"

"aproba@^1.0.3 || ^2.0.0":
  "version" "2.0.0"

"are-we-there-yet@^2.0.0":
  "version" "2.0.0"
  dependencies:
    "delegates" "^1.0.0"
    "readable-stream" "^3.6.0"

"argon2@^0.28.5":
  "version" "0.28.5"
  dependencies:
    "@mapbox/node-pre-gyp" "^1.0.8"
    "@phc/format" "^1.0.0"
    "node-addon-api" "^4.3.0"

"array-flatten@1.1.1":
  "version" "1.1.1"

"array-union@^2.1.0":
  "version" "2.1.0"

"async-retry@^1.2.1":
  "version" "1.3.3"
  dependencies:
    "retry" "0.13.1"

"balanced-match@^1.0.0":
  "version" "1.0.2"

"binary-extensions@^2.0.0":
  "version" "2.2.0"

"body-parser@^1.19.0", "body-parser@1.19.2":
  "version" "1.19.2"
  dependencies:
    "bytes" "3.1.2"
    "content-type" "~1.0.4"
    "debug" "2.6.9"
    "depd" "~1.1.2"
    "http-errors" "1.8.1"
    "iconv-lite" "0.4.24"
    "on-finished" "~2.3.0"
    "qs" "6.9.7"
    "raw-body" "2.4.3"
    "type-is" "~1.6.18"

"brace-expansion@^1.1.7":
  "version" "1.1.11"
  dependencies:
    "balanced-match" "^1.0.0"
    "concat-map" "0.0.1"

"braces@^3.0.1", "braces@~3.0.2":
  "version" "3.0.2"
  dependencies:
    "fill-range" "^7.0.1"

"bundle-require@^3.0.2":
  "version" "3.0.4"
  dependencies:
    "load-tsconfig" "^0.2.0"

"busboy@^0.3.1":
  "version" "0.3.1"
  dependencies:
    "dicer" "0.3.0"

"bytes@3.1.2":
  "version" "3.1.2"

"cac@^6.7.12":
  "version" "6.7.12"

"chokidar@^3.5.1":
  "version" "3.5.3"
  dependencies:
    "anymatch" "~3.1.2"
    "braces" "~3.0.2"
    "glob-parent" "~5.1.2"
    "is-binary-path" "~2.1.0"
    "is-glob" "~4.0.1"
    "normalize-path" "~3.0.0"
    "readdirp" "~3.6.0"
  optionalDependencies:
    "fsevents" "~2.3.2"

"chownr@^2.0.0":
  "version" "2.0.0"

"class-validator@^0.13.2", "class-validator@>=0.12.0":
  "version" "0.13.2"
  dependencies:
    "libphonenumber-js" "^1.9.43"
    "validator" "^13.7.0"

"cluster-key-slot@^1.1.0":
  "version" "1.1.0"

"color-support@^1.1.2":
  "version" "1.1.3"

"colorette@^2.0.16":
  "version" "2.0.16"

"commander@^2.20.3":
  "version" "2.20.3"

"commander@^4.0.0":
  "version" "4.1.1"

"concat-map@0.0.1":
  "version" "0.0.1"

"connect-redis@^6.1.2":
  "version" "6.1.2"
  dependencies:
    "deepmerge" "^4.2.2"

"console-control-strings@^1.0.0", "console-control-strings@^1.1.0":
  "version" "1.1.0"

"content-disposition@0.5.4":
  "version" "0.5.4"
  dependencies:
    "safe-buffer" "5.2.1"

"content-type@~1.0.4":
  "version" "1.0.4"

"cookie-signature@1.0.6":
  "version" "1.0.6"

"cookie@0.4.1":
  "version" "0.4.1"

"cookie@0.4.2":
  "version" "0.4.2"

"cors@^2.8.5":
  "version" "2.8.5"
  dependencies:
    "object-assign" "^4"
    "vary" "^1"

"cross-spawn@^7.0.3":
  "version" "7.0.3"
  dependencies:
    "path-key" "^3.1.0"
    "shebang-command" "^2.0.0"
    "which" "^2.0.1"

"cssfilter@0.0.10":
  "version" "0.0.10"

"debug@^4.3.1", "debug@4":
  "version" "4.3.4"
  dependencies:
    "ms" "2.1.2"

"debug@2.6.9":
  "version" "2.6.9"
  dependencies:
    "ms" "2.0.0"

"deepmerge@^4.2.2":
  "version" "4.2.2"

"delegates@^1.0.0":
  "version" "1.0.0"

"denque@^1.1.0":
  "version" "1.5.1"

"depd@~1.1.2":
  "version" "1.1.2"

"depd@~2.0.0":
  "version" "2.0.0"

"destroy@~1.0.4":
  "version" "1.0.4"

"detect-libc@^1.0.3":
  "version" "1.0.3"

"dicer@0.3.0":
  "version" "0.3.0"
  dependencies:
    "streamsearch" "0.1.2"

"dir-glob@^3.0.1":
  "version" "3.0.1"
  dependencies:
    "path-type" "^4.0.0"

"dotenv-cra@^3.0.2":
  "version" "3.0.2"
  dependencies:
    "dotenv" "^10.0.0"
    "dotenv-expand" "^5.1.0"

"dotenv-expand@^5.1.0":
  "version" "5.1.0"

"dotenv@^10.0.0":
  "version" "10.0.0"

"ee-first@1.1.1":
  "version" "1.1.1"

"emoji-regex@^8.0.0":
  "version" "8.0.0"

"encodeurl@~1.0.2":
  "version" "1.0.2"

"encoding@^0.1.0":
  "version" "0.1.13"
  dependencies:
    "iconv-lite" "^0.6.2"

"esbuild-windows-64@0.14.27":
  "version" "0.14.27"

"esbuild@^0.14.2", "esbuild@>=0.13":
  "version" "0.14.27"
  optionalDependencies:
    "esbuild-android-64" "0.14.27"
    "esbuild-android-arm64" "0.14.27"
    "esbuild-darwin-64" "0.14.27"
    "esbuild-darwin-arm64" "0.14.27"
    "esbuild-freebsd-64" "0.14.27"
    "esbuild-freebsd-arm64" "0.14.27"
    "esbuild-linux-32" "0.14.27"
    "esbuild-linux-64" "0.14.27"
    "esbuild-linux-arm" "0.14.27"
    "esbuild-linux-arm64" "0.14.27"
    "esbuild-linux-mips64le" "0.14.27"
    "esbuild-linux-ppc64le" "0.14.27"
    "esbuild-linux-riscv64" "0.14.27"
    "esbuild-linux-s390x" "0.14.27"
    "esbuild-netbsd-64" "0.14.27"
    "esbuild-openbsd-64" "0.14.27"
    "esbuild-sunos-64" "0.14.27"
    "esbuild-windows-32" "0.14.27"
    "esbuild-windows-64" "0.14.27"
    "esbuild-windows-arm64" "0.14.27"

"escape-html@~1.0.3":
  "version" "1.0.3"

"etag@~1.8.1":
  "version" "1.8.1"

"execa@^5.0.0":
  "version" "5.1.1"
  dependencies:
    "cross-spawn" "^7.0.3"
    "get-stream" "^6.0.0"
    "human-signals" "^2.1.0"
    "is-stream" "^2.0.0"
    "merge-stream" "^2.0.0"
    "npm-run-path" "^4.0.1"
    "onetime" "^5.1.2"
    "signal-exit" "^3.0.3"
    "strip-final-newline" "^2.0.0"

"express-session@^1.17.2":
  "version" "1.17.2"
  dependencies:
    "cookie" "0.4.1"
    "cookie-signature" "1.0.6"
    "debug" "2.6.9"
    "depd" "~2.0.0"
    "on-headers" "~1.0.2"
    "parseurl" "~1.3.3"
    "safe-buffer" "5.2.1"
    "uid-safe" "~2.1.5"

"express@^4.17.1", "express@^4.17.3":
  "version" "4.17.3"
  dependencies:
    "accepts" "~1.3.8"
    "array-flatten" "1.1.1"
    "body-parser" "1.19.2"
    "content-disposition" "0.5.4"
    "content-type" "~1.0.4"
    "cookie" "0.4.2"
    "cookie-signature" "1.0.6"
    "debug" "2.6.9"
    "depd" "~1.1.2"
    "encodeurl" "~1.0.2"
    "escape-html" "~1.0.3"
    "etag" "~1.8.1"
    "finalhandler" "~1.1.2"
    "fresh" "0.5.2"
    "merge-descriptors" "1.0.1"
    "methods" "~1.1.2"
    "on-finished" "~2.3.0"
    "parseurl" "~1.3.3"
    "path-to-regexp" "0.1.7"
    "proxy-addr" "~2.0.7"
    "qs" "6.9.7"
    "range-parser" "~1.2.1"
    "safe-buffer" "5.2.1"
    "send" "0.17.2"
    "serve-static" "1.14.2"
    "setprototypeof" "1.2.0"
    "statuses" "~1.5.0"
    "type-is" "~1.6.18"
    "utils-merge" "1.0.1"
    "vary" "~1.1.2"

"fast-glob@^3.2.9":
  "version" "3.2.11"
  dependencies:
    "@nodelib/fs.stat" "^2.0.2"
    "@nodelib/fs.walk" "^1.2.3"
    "glob-parent" "^5.1.2"
    "merge2" "^1.3.0"
    "micromatch" "^4.0.4"

"fast-json-stable-stringify@^2.1.0":
  "version" "2.1.0"

"fastq@^1.6.0":
  "version" "1.13.0"
  dependencies:
    "reusify" "^1.0.4"

"fill-range@^7.0.1":
  "version" "7.0.1"
  dependencies:
    "to-regex-range" "^5.0.1"

"finalhandler@~1.1.2":
  "version" "1.1.2"
  dependencies:
    "debug" "2.6.9"
    "encodeurl" "~1.0.2"
    "escape-html" "~1.0.3"
    "on-finished" "~2.3.0"
    "parseurl" "~1.3.3"
    "statuses" "~1.5.0"
    "unpipe" "~1.0.0"

"forwarded@0.2.0":
  "version" "0.2.0"

"fresh@0.5.2":
  "version" "0.5.2"

"fs-capacitor@^6.2.0":
  "version" "6.2.0"

"fs-minipass@^2.0.0":
  "version" "2.1.0"
  dependencies:
    "minipass" "^3.0.0"

"fs.realpath@^1.0.0":
  "version" "1.0.0"

"gauge@^3.0.0":
  "version" "3.0.2"
  dependencies:
    "aproba" "^1.0.3 || ^2.0.0"
    "color-support" "^1.1.2"
    "console-control-strings" "^1.0.0"
    "has-unicode" "^2.0.1"
    "object-assign" "^4.1.1"
    "signal-exit" "^3.0.0"
    "string-width" "^4.2.3"
    "strip-ansi" "^6.0.1"
    "wide-align" "^1.1.2"

"get-stream@^6.0.0":
  "version" "6.0.1"

"glob-parent@^5.1.2", "glob-parent@~5.1.2":
  "version" "5.1.2"
  dependencies:
    "is-glob" "^4.0.1"

"glob@^7.1.3", "glob@^7.1.6":
  "version" "7.2.0"
  dependencies:
    "fs.realpath" "^1.0.0"
    "inflight" "^1.0.4"
    "inherits" "2"
    "minimatch" "^3.0.4"
    "once" "^1.3.0"
    "path-is-absolute" "^1.0.0"

"glob@7.1.6":
  "version" "7.1.6"
  dependencies:
    "fs.realpath" "^1.0.0"
    "inflight" "^1.0.4"
    "inherits" "2"
    "minimatch" "^3.0.4"
    "once" "^1.3.0"
    "path-is-absolute" "^1.0.0"

"globby@^11.0.3":
  "version" "11.1.0"
  dependencies:
    "array-union" "^2.1.0"
    "dir-glob" "^3.0.1"
    "fast-glob" "^3.2.9"
    "ignore" "^5.2.0"
    "merge2" "^1.4.1"
    "slash" "^3.0.0"

"graphql-query-complexity@^0.7.0":
  "version" "0.7.2"
  dependencies:
    "lodash.get" "^4.4.2"

"graphql-subscriptions@^1.1.0":
  "version" "1.2.1"
  dependencies:
    "iterall" "^1.3.0"

"graphql-tag@^2.11.0":
  "version" "2.12.6"
  dependencies:
    "tslib" "^2.1.0"

"graphql-upload@^13.0.0":
  "version" "13.0.0"
  dependencies:
    "busboy" "^0.3.1"
    "fs-capacitor" "^6.2.0"
    "http-errors" "^1.8.1"
    "object-path" "^0.11.8"

"graphql@^0.10.5 || ^0.11.3 || ^0.12.0 || ^0.13.0 || ^14.0.0 || ^15.0.0", "graphql@^0.13.0 || ^14.0.0 || ^15.0.0", "graphql@^0.9.0 || ^0.10.0 || ^0.11.0 || ^0.12.0 || ^0.13.0 || ^14.0.0 || ^15.0.0 || ^16.0.0", "graphql@^14.0.0 || ^15.0.0 || ^16.0.0", "graphql@^15.3.0", "graphql@^15.3.0 || ^16.0.0", "graphql@0.13.1 - 16":
  "version" "15.8.0"

"has-unicode@^2.0.1":
  "version" "2.0.1"

"http-errors@^1.8.1", "http-errors@1.8.1":
  "version" "1.8.1"
  dependencies:
    "depd" "~1.1.2"
    "inherits" "2.0.4"
    "setprototypeof" "1.2.0"
    "statuses" ">= 1.5.0 < 2"
    "toidentifier" "1.0.1"

"https-proxy-agent@^5.0.0":
  "version" "5.0.0"
  dependencies:
    "agent-base" "6"
    "debug" "4"

"human-signals@^2.1.0":
  "version" "2.1.0"

"iconv-lite@^0.6.2":
  "version" "0.6.3"
  dependencies:
    "safer-buffer" ">= 2.1.2 < 3.0.0"

"iconv-lite@0.4.24":
  "version" "0.4.24"
  dependencies:
    "safer-buffer" ">= 2.1.2 < 3"

"ignore@^5.2.0":
  "version" "5.2.0"

"inflight@^1.0.4":
  "version" "1.0.6"
  dependencies:
    "once" "^1.3.0"
    "wrappy" "1"

"inherits@^2.0.1", "inherits@^2.0.3", "inherits@2", "inherits@2.0.4":
  "version" "2.0.4"

"ioredis@^4.28.5":
  "version" "4.28.5"
  dependencies:
    "cluster-key-slot" "^1.1.0"
    "debug" "^4.3.1"
    "denque" "^1.1.0"
    "lodash.defaults" "^4.2.0"
    "lodash.flatten" "^4.4.0"
    "lodash.isarguments" "^3.1.0"
    "p-map" "^2.1.0"
    "redis-commands" "1.7.0"
    "redis-errors" "^1.2.0"
    "redis-parser" "^3.0.0"
    "standard-as-callback" "^2.1.0"

"ipaddr.js@1.9.1":
  "version" "1.9.1"

"is-binary-path@~2.1.0":
  "version" "2.1.0"
  dependencies:
    "binary-extensions" "^2.0.0"

"is-extglob@^2.1.1":
  "version" "2.1.1"

"is-fullwidth-code-point@^3.0.0":
  "version" "3.0.0"

"is-glob@^4.0.1", "is-glob@~4.0.1":
  "version" "4.0.3"
  dependencies:
    "is-extglob" "^2.1.1"

"is-number@^7.0.0":
  "version" "7.0.0"

"is-stream@^2.0.0":
  "version" "2.0.1"

"isexe@^2.0.0":
  "version" "2.0.0"

"iterall@^1.3.0":
  "version" "1.3.0"

"joycon@^3.0.1":
  "version" "3.1.1"

"libphonenumber-js@^1.9.43":
  "version" "1.9.50"

"lilconfig@^2.0.4":
  "version" "2.0.4"

"lines-and-columns@^1.1.6":
  "version" "1.2.4"

"load-tsconfig@^0.2.0":
  "version" "0.2.3"

"lodash.defaults@^4.2.0":
  "version" "4.2.0"

"lodash.flatten@^4.4.0":
  "version" "4.4.0"

"lodash.get@^4.4.2":
  "version" "4.4.2"

"lodash.isarguments@^3.1.0":
  "version" "3.1.0"

"lodash.sortby@^4.7.0":
  "version" "4.7.0"

"loglevel@^1.6.8":
  "version" "1.8.0"

"long@^4.0.0":
  "version" "4.0.0"

"lru-cache@^6.0.0":
  "version" "6.0.0"
  dependencies:
    "yallist" "^4.0.0"

"make-dir@^3.1.0":
  "version" "3.1.0"
  dependencies:
    "semver" "^6.0.0"

"media-typer@0.3.0":
  "version" "0.3.0"

"merge-descriptors@1.0.1":
  "version" "1.0.1"

"merge-stream@^2.0.0":
  "version" "2.0.0"

"merge2@^1.3.0", "merge2@^1.4.1":
  "version" "1.4.1"

"methods@~1.1.2":
  "version" "1.1.2"

"micromatch@^4.0.4":
  "version" "4.0.4"
  dependencies:
    "braces" "^3.0.1"
    "picomatch" "^2.2.3"

"mime-db@1.52.0":
  "version" "1.52.0"

"mime-types@~2.1.24", "mime-types@~2.1.34":
  "version" "2.1.35"
  dependencies:
    "mime-db" "1.52.0"

"mime@1.6.0":
  "version" "1.6.0"

"mimic-fn@^2.1.0":
  "version" "2.1.0"

"minimatch@^3.0.4":
  "version" "3.1.2"
  dependencies:
    "brace-expansion" "^1.1.7"

"minipass@^3.0.0":
  "version" "3.1.6"
  dependencies:
    "yallist" "^4.0.0"

"minizlib@^2.1.1":
  "version" "2.1.2"
  dependencies:
    "minipass" "^3.0.0"
    "yallist" "^4.0.0"

"mkdirp@^1.0.3":
  "version" "1.0.4"

"ms@2.0.0":
  "version" "2.0.0"

"ms@2.1.2":
  "version" "2.1.2"

"ms@2.1.3":
  "version" "2.1.3"

"mz@^2.7.0":
  "version" "2.7.0"
  dependencies:
    "any-promise" "^1.0.0"
    "object-assign" "^4.0.1"
    "thenify-all" "^1.0.0"

"negotiator@0.6.3":
  "version" "0.6.3"

"node-addon-api@^4.3.0":
  "version" "4.3.0"

"node-fetch@^2.6.5", "node-fetch@^2.6.7":
  "version" "2.6.7"
  dependencies:
    "whatwg-url" "^5.0.0"

"nopt@^5.0.0":
  "version" "5.0.0"
  dependencies:
    "abbrev" "1"

"normalize-path@^3.0.0", "normalize-path@~3.0.0":
  "version" "3.0.0"

"npm-run-path@^4.0.1":
  "version" "4.0.1"
  dependencies:
    "path-key" "^3.0.0"

"npmlog@^5.0.1":
  "version" "5.0.1"
  dependencies:
    "are-we-there-yet" "^2.0.0"
    "console-control-strings" "^1.1.0"
    "gauge" "^3.0.0"
    "set-blocking" "^2.0.0"

"object-assign@^4", "object-assign@^4.0.1", "object-assign@^4.1.1":
  "version" "4.1.1"

"object-path@^0.11.8":
  "version" "0.11.8"

"on-finished@~2.3.0":
  "version" "2.3.0"
  dependencies:
    "ee-first" "1.1.1"

"on-headers@~1.0.2":
  "version" "1.0.2"

"once@^1.3.0":
  "version" "1.4.0"
  dependencies:
    "wrappy" "1"

"onetime@^5.1.2":
  "version" "5.1.2"
  dependencies:
    "mimic-fn" "^2.1.0"

"p-map@^2.1.0":
  "version" "2.1.0"

"parseurl@^1.3.3", "parseurl@~1.3.3":
  "version" "1.3.3"

"path-is-absolute@^1.0.0":
  "version" "1.0.1"

"path-key@^3.0.0", "path-key@^3.1.0":
  "version" "3.1.1"

"path-to-regexp@0.1.7":
  "version" "0.1.7"

"path-type@^4.0.0":
  "version" "4.0.0"

"picomatch@^2.0.4", "picomatch@^2.2.1", "picomatch@^2.2.3":
  "version" "2.3.1"

"pirates@^4.0.1":
  "version" "4.0.5"

"postcss-load-config@^3.0.1":
  "version" "3.1.3"
  dependencies:
    "lilconfig" "^2.0.4"
    "yaml" "^1.10.2"

"prisma@*", "prisma@^3.11.0":
  "version" "3.11.0"
  dependencies:
    "@prisma/engines" "3.11.0-48.b371888aaf8f51357c7457d836b86d12da91658b"

"proxy-addr@~2.0.7":
  "version" "2.0.7"
  dependencies:
    "forwarded" "0.2.0"
    "ipaddr.js" "1.9.1"

"qs@6.9.7":
  "version" "6.9.7"

"queue-microtask@^1.2.2":
  "version" "1.2.3"

"random-bytes@~1.0.0":
  "version" "1.0.0"

"range-parser@~1.2.1":
  "version" "1.2.1"

"raw-body@2.4.3":
  "version" "2.4.3"
  dependencies:
    "bytes" "3.1.2"
    "http-errors" "1.8.1"
    "iconv-lite" "0.4.24"
    "unpipe" "1.0.0"

"readable-stream@^3.6.0":
  "version" "3.6.0"
  dependencies:
    "inherits" "^2.0.3"
    "string_decoder" "^1.1.1"
    "util-deprecate" "^1.0.1"

"readdirp@~3.6.0":
  "version" "3.6.0"
  dependencies:
    "picomatch" "^2.2.1"

"redis-commands@1.7.0":
  "version" "1.7.0"

"redis-errors@^1.0.0", "redis-errors@^1.2.0":
  "version" "1.2.0"

"redis-parser@^3.0.0":
  "version" "3.0.0"
  dependencies:
    "redis-errors" "^1.0.0"

"reflect-metadata@^0.1.13":
  "version" "0.1.13"

"resolve-from@^5.0.0":
  "version" "5.0.0"

"retry@0.13.1":
  "version" "0.13.1"

"reusify@^1.0.4":
  "version" "1.0.4"

"rimraf@^3.0.2":
  "version" "3.0.2"
  dependencies:
    "glob" "^7.1.3"

"rollup@^2.60.0":
  "version" "2.70.1"
  optionalDependencies:
    "fsevents" "~2.3.2"

"run-parallel@^1.1.9":
  "version" "1.2.0"
  dependencies:
    "queue-microtask" "^1.2.2"

"safe-buffer@^5.0.1", "safe-buffer@~5.2.0", "safe-buffer@5.2.1":
  "version" "5.2.1"

"safer-buffer@>= 2.1.2 < 3", "safer-buffer@>= 2.1.2 < 3.0.0":
  "version" "2.1.2"

"semver@^6.0.0":
  "version" "6.3.0"

"semver@^7.3.2", "semver@^7.3.5":
  "version" "7.3.5"
  dependencies:
    "lru-cache" "^6.0.0"

"send@0.17.2":
  "version" "0.17.2"
  dependencies:
    "debug" "2.6.9"
    "depd" "~1.1.2"
    "destroy" "~1.0.4"
    "encodeurl" "~1.0.2"
    "escape-html" "~1.0.3"
    "etag" "~1.8.1"
    "fresh" "0.5.2"
    "http-errors" "1.8.1"
    "mime" "1.6.0"
    "ms" "2.1.3"
    "on-finished" "~2.3.0"
    "range-parser" "~1.2.1"
    "statuses" "~1.5.0"

"serve-static@1.14.2":
  "version" "1.14.2"
  dependencies:
    "encodeurl" "~1.0.2"
    "escape-html" "~1.0.3"
    "parseurl" "~1.3.3"
    "send" "0.17.2"

"set-blocking@^2.0.0":
  "version" "2.0.0"

"setprototypeof@1.2.0":
  "version" "1.2.0"

"sha.js@^2.4.11":
  "version" "2.4.11"
  dependencies:
    "inherits" "^2.0.1"
    "safe-buffer" "^5.0.1"

"shebang-command@^2.0.0":
  "version" "2.0.0"
  dependencies:
    "shebang-regex" "^3.0.0"

"shebang-regex@^3.0.0":
  "version" "3.0.0"

"signal-exit@^3.0.0", "signal-exit@^3.0.3":
  "version" "3.0.7"

"slash@^3.0.0":
  "version" "3.0.0"

"source-map@^0.7.3":
  "version" "0.7.3"

"standard-as-callback@^2.1.0":
  "version" "2.1.0"

"statuses@>= 1.5.0 < 2", "statuses@~1.5.0":
  "version" "1.5.0"

"streamsearch@0.1.2":
  "version" "0.1.2"

"string_decoder@^1.1.1":
  "version" "1.3.0"
  dependencies:
    "safe-buffer" "~5.2.0"

"string-width@^1.0.2 || 2 || 3 || 4", "string-width@^4.2.3":
  "version" "4.2.3"
  dependencies:
    "emoji-regex" "^8.0.0"
    "is-fullwidth-code-point" "^3.0.0"
    "strip-ansi" "^6.0.1"

"strip-ansi@^6.0.1":
  "version" "6.0.1"
  dependencies:
    "ansi-regex" "^5.0.1"

"strip-final-newline@^2.0.0":
  "version" "2.0.0"

"sucrase@^3.20.3":
  "version" "3.20.3"
  dependencies:
    "commander" "^4.0.0"
    "glob" "7.1.6"
    "lines-and-columns" "^1.1.6"
    "mz" "^2.7.0"
    "pirates" "^4.0.1"
    "ts-interface-checker" "^0.1.9"

"tar@^6.1.11":
  "version" "6.1.11"
  dependencies:
    "chownr" "^2.0.0"
    "fs-minipass" "^2.0.0"
    "minipass" "^3.0.0"
    "minizlib" "^2.1.1"
    "mkdirp" "^1.0.3"
    "yallist" "^4.0.0"

"thenify-all@^1.0.0":
  "version" "1.6.0"
  dependencies:
    "thenify" ">= 3.1.0 < 4"

"thenify@>= 3.1.0 < 4":
  "version" "3.3.1"
  dependencies:
    "any-promise" "^1.0.0"

"to-regex-range@^5.0.1":
  "version" "5.0.1"
  dependencies:
    "is-number" "^7.0.0"

"toidentifier@1.0.1":
  "version" "1.0.1"

"tr46@~0.0.3":
  "version" "0.0.3"

"tree-kill@^1.2.2":
  "version" "1.2.2"

"ts-interface-checker@^0.1.9":
  "version" "0.1.13"

"tslib@^2.0.1", "tslib@^2.1.0", "tslib@^2.3.1", "tslib@~2.3.0":
  "version" "2.3.1"

"tsup@^5.12.1":
  "version" "5.12.1"
  dependencies:
    "bundle-require" "^3.0.2"
    "cac" "^6.7.12"
    "chokidar" "^3.5.1"
    "debug" "^4.3.1"
    "esbuild" "^0.14.2"
    "execa" "^5.0.0"
    "globby" "^11.0.3"
    "joycon" "^3.0.1"
    "postcss-load-config" "^3.0.1"
    "resolve-from" "^5.0.0"
    "rollup" "^2.60.0"
    "source-map" "^0.7.3"
    "sucrase" "^3.20.3"
    "tree-kill" "^1.2.2"

"type-graphql@^1.1.1":
  "version" "1.1.1"
  dependencies:
    "@types/glob" "^7.1.3"
    "@types/node" "*"
    "@types/semver" "^7.3.3"
    "glob" "^7.1.6"
    "graphql-query-complexity" "^0.7.0"
    "graphql-subscriptions" "^1.1.0"
    "semver" "^7.3.2"
    "tslib" "^2.0.1"

"type-is@~1.6.18":
  "version" "1.6.18"
  dependencies:
    "media-typer" "0.3.0"
    "mime-types" "~2.1.24"

"typescript@^4.1.0", "typescript@^4.6.2":
  "version" "4.6.2"

"uid-safe@~2.1.5":
  "version" "2.1.5"
  dependencies:
    "random-bytes" "~1.0.0"

"unpipe@~1.0.0", "unpipe@1.0.0":
  "version" "1.0.0"

"util-deprecate@^1.0.1":
  "version" "1.0.2"

"utils-merge@1.0.1":
  "version" "1.0.1"

"uuid@^8.0.0":
  "version" "8.3.2"

"validator@^13.7.0":
  "version" "13.7.0"

"value-or-promise@1.0.11":
  "version" "1.0.11"

"vary@^1", "vary@~1.1.2":
  "version" "1.1.2"

"webidl-conversions@^3.0.0":
  "version" "3.0.1"

"whatwg-url@^5.0.0":
  "version" "5.0.0"
  dependencies:
    "tr46" "~0.0.3"
    "webidl-conversions" "^3.0.0"

"which@^2.0.1":
  "version" "2.0.2"
  dependencies:
    "isexe" "^2.0.0"

"wide-align@^1.1.2":
  "version" "1.1.5"
  dependencies:
    "string-width" "^1.0.2 || 2 || 3 || 4"

"wrappy@1":
  "version" "1.0.2"

"xss@^1.0.8":
  "version" "1.0.11"
  dependencies:
    "commander" "^2.20.3"
    "cssfilter" "0.0.10"

"yallist@^4.0.0":
  "version" "4.0.0"

"yaml@^1.10.2":
  "version" "1.10.2"
